
Microsoft Visual Studio Solution File, Format Version 12.00
Project("{FAE04EC0-301F-11D3-BF4B-00C04F79EFBC}") = "build", "build\build.csproj", "{50953D30-AB96-4EA4-9C6D-BD2072BB0DEF}"
EndProject
Project("{FAE04EC0-301F-11D3-BF4B-00C04F79EFBC}") = "infra", "infra\infra.csproj", "{4415FB9F-AFEB-47C1-A0DF-8610CF589419}"
EndProject
Project("{2150E333-8FDC-42A3-9474-1A3956D46DE8}") = "build", "build", "{69D08910-2377-4D79-AFF7-591AC3070D17}"
EndProject
Project("{2150E333-8FDC-42A3-9474-1A3956D46DE8}") = "infra", "infra", "{7C3D654F-CE09-42F3-A128-123642815645}"
EndProject
Global
	GlobalSection(SolutionConfigurationPlatforms) = preSolution
		Debug|Any CPU = Debug|Any CPU
		Release|Any CPU = Release|Any CPU
	EndGlobalSection
	GlobalSection(ProjectConfigurationPlatforms) = postSolution
		{50953D30-AB96-4EA4-9C6D-BD2072BB0DEF}.Debug|Any CPU.ActiveCfg = Debug|Any CPU
		{50953D30-AB96-4EA4-9C6D-BD2072BB0DEF}.Debug|Any CPU.Build.0 = Debug|Any CPU
		{50953D30-AB96-4EA4-9C6D-BD2072BB0DEF}.Release|Any CPU.ActiveCfg = Release|Any CPU
		{50953D30-AB96-4EA4-9C6D-BD2072BB0DEF}.Release|Any CPU.Build.0 = Release|Any CPU
		{4415FB9F-AFEB-47C1-A0DF-8610CF589419}.Debug|Any CPU.ActiveCfg = Debug|Any CPU
		{4415FB9F-AFEB-47C1-A0DF-8610CF589419}.Debug|Any CPU.Build.0 = Debug|Any CPU
		{4415FB9F-AFEB-47C1-A0DF-8610CF589419}.Release|Any CPU.ActiveCfg = Release|Any CPU
		{4415FB9F-AFEB-47C1-A0DF-8610CF589419}.Release|Any CPU.Build.0 = Release|Any CPU
	EndGlobalSection
	GlobalSection(NestedProjects) = preSolution
		{50953D30-AB96-4EA4-9C6D-BD2072BB0DEF} = {69D08910-2377-4D79-AFF7-591AC3070D17}
		{4415FB9F-AFEB-47C1-A0DF-8610CF589419} = {7C3D654F-CE09-42F3-A128-123642815645}
	EndGlobalSection
EndGlobal
