
Microsoft Visual Studio Solution File, Format Version 12.00
Project("{2150E333-8FDC-42A3-9474-1A3956D46DE8}") = "build", "build", "{89D02110-85B0-4B41-A83D-109FDEC2A40F}"
EndProject
Project("{2150E333-8FDC-42A3-9474-1A3956D46DE8}") = "infra", "infra", "{74E0BEE8-3953-4143-8568-252ED631CDB3}"
EndProject
Project("{2150E333-8FDC-42A3-9474-1A3956D46DE8}") = "db", "db", "{BCA0AFFA-D77F-4C8C-ACB4-0DDAB8B5FAC3}"
EndProject
Project("{2150E333-8FDC-42A3-9474-1A3956D46DE8}") = "api", "api", "{1AFC9AA4-3C77-4A45-9EDB-B037D4570FED}"
EndProject
Project("{FAE04EC0-301F-11D3-BF4B-00C04F79EFBC}") = "build", "build\build.csproj", "{3D3308FA-466A-4328-93C2-517B7FF1CDF5}"
EndProject
Project("{FAE04EC0-301F-11D3-BF4B-00C04F79EFBC}") = "infra", "infra\infra.csproj", "{00DFF524-C215-4E6C-A3FD-9146CA7E50FE}"
EndProject
Project("{FAE04EC0-301F-11D3-BF4B-00C04F79EFBC}") = "update", "db\update\update.csproj", "{A120F072-38EA-4B19-990F-FF905F883000}"
EndProject
Project("{FAE04EC0-301F-11D3-BF4B-00C04F79EFBC}") = "api", "api\api.csproj", "{F8B8B65A-60D9-4808-BD57-36217A9A12E2}"
EndProject
Project("{FAE04EC0-301F-11D3-BF4B-00C04F79EFBC}") = "model", "api\model\model.csproj", "{94CE38D0-6CAF-48EB-979A-179ACE4831FC}"
EndProject
Project("{FAE04EC0-301F-11D3-BF4B-00C04F79EFBC}") = "service", "api\service\service.csproj", "{2B22FB68-3FDB-414A-91A7-9FC3E7B21F29}"
EndProject
Project("{FAE04EC0-301F-11D3-BF4B-00C04F79EFBC}") = "tests", "api\tests\tests.csproj", "{D11F7D76-6C43-4BF5-B95D-A63451B3C383}"
EndProject
Global
	GlobalSection(SolutionConfigurationPlatforms) = preSolution
		Debug|Any CPU = Debug|Any CPU
		Release|Any CPU = Release|Any CPU
	EndGlobalSection
	GlobalSection(ProjectConfigurationPlatforms) = postSolution
		{3D3308FA-466A-4328-93C2-517B7FF1CDF5}.Debug|Any CPU.ActiveCfg = Debug|Any CPU
		{3D3308FA-466A-4328-93C2-517B7FF1CDF5}.Debug|Any CPU.Build.0 = Debug|Any CPU
		{3D3308FA-466A-4328-93C2-517B7FF1CDF5}.Release|Any CPU.ActiveCfg = Release|Any CPU
		{3D3308FA-466A-4328-93C2-517B7FF1CDF5}.Release|Any CPU.Build.0 = Release|Any CPU
		{00DFF524-C215-4E6C-A3FD-9146CA7E50FE}.Debug|Any CPU.ActiveCfg = Debug|Any CPU
		{00DFF524-C215-4E6C-A3FD-9146CA7E50FE}.Debug|Any CPU.Build.0 = Debug|Any CPU
		{00DFF524-C215-4E6C-A3FD-9146CA7E50FE}.Release|Any CPU.ActiveCfg = Release|Any CPU
		{00DFF524-C215-4E6C-A3FD-9146CA7E50FE}.Release|Any CPU.Build.0 = Release|Any CPU
		{A120F072-38EA-4B19-990F-FF905F883000}.Debug|Any CPU.ActiveCfg = Debug|Any CPU
		{A120F072-38EA-4B19-990F-FF905F883000}.Debug|Any CPU.Build.0 = Debug|Any CPU
		{A120F072-38EA-4B19-990F-FF905F883000}.Release|Any CPU.ActiveCfg = Release|Any CPU
		{A120F072-38EA-4B19-990F-FF905F883000}.Release|Any CPU.Build.0 = Release|Any CPU
		{F8B8B65A-60D9-4808-BD57-36217A9A12E2}.Debug|Any CPU.ActiveCfg = Debug|Any CPU
		{F8B8B65A-60D9-4808-BD57-36217A9A12E2}.Debug|Any CPU.Build.0 = Debug|Any CPU
		{F8B8B65A-60D9-4808-BD57-36217A9A12E2}.Release|Any CPU.ActiveCfg = Release|Any CPU
		{F8B8B65A-60D9-4808-BD57-36217A9A12E2}.Release|Any CPU.Build.0 = Release|Any CPU
		{94CE38D0-6CAF-48EB-979A-179ACE4831FC}.Debug|Any CPU.ActiveCfg = Debug|Any CPU
		{94CE38D0-6CAF-48EB-979A-179ACE4831FC}.Debug|Any CPU.Build.0 = Debug|Any CPU
		{94CE38D0-6CAF-48EB-979A-179ACE4831FC}.Release|Any CPU.ActiveCfg = Release|Any CPU
		{94CE38D0-6CAF-48EB-979A-179ACE4831FC}.Release|Any CPU.Build.0 = Release|Any CPU
		{2B22FB68-3FDB-414A-91A7-9FC3E7B21F29}.Debug|Any CPU.ActiveCfg = Debug|Any CPU
		{2B22FB68-3FDB-414A-91A7-9FC3E7B21F29}.Debug|Any CPU.Build.0 = Debug|Any CPU
		{2B22FB68-3FDB-414A-91A7-9FC3E7B21F29}.Release|Any CPU.ActiveCfg = Release|Any CPU
		{2B22FB68-3FDB-414A-91A7-9FC3E7B21F29}.Release|Any CPU.Build.0 = Release|Any CPU
		{D11F7D76-6C43-4BF5-B95D-A63451B3C383}.Debug|Any CPU.ActiveCfg = Debug|Any CPU
		{D11F7D76-6C43-4BF5-B95D-A63451B3C383}.Debug|Any CPU.Build.0 = Debug|Any CPU
		{D11F7D76-6C43-4BF5-B95D-A63451B3C383}.Release|Any CPU.ActiveCfg = Release|Any CPU
		{D11F7D76-6C43-4BF5-B95D-A63451B3C383}.Release|Any CPU.Build.0 = Release|Any CPU
	EndGlobalSection
	GlobalSection(NestedProjects) = preSolution
		{3D3308FA-466A-4328-93C2-517B7FF1CDF5} = {89D02110-85B0-4B41-A83D-109FDEC2A40F}
		{00DFF524-C215-4E6C-A3FD-9146CA7E50FE} = {74E0BEE8-3953-4143-8568-252ED631CDB3}
		{A120F072-38EA-4B19-990F-FF905F883000} = {BCA0AFFA-D77F-4C8C-ACB4-0DDAB8B5FAC3}
		{F8B8B65A-60D9-4808-BD57-36217A9A12E2} = {1AFC9AA4-3C77-4A45-9EDB-B037D4570FED}
		{94CE38D0-6CAF-48EB-979A-179ACE4831FC} = {1AFC9AA4-3C77-4A45-9EDB-B037D4570FED}
		{2B22FB68-3FDB-414A-91A7-9FC3E7B21F29} = {1AFC9AA4-3C77-4A45-9EDB-B037D4570FED}
		{D11F7D76-6C43-4BF5-B95D-A63451B3C383} = {1AFC9AA4-3C77-4A45-9EDB-B037D4570FED}
	EndGlobalSection
EndGlobal
