
Microsoft Visual Studio Solution File, Format Version 12.00
Project("{2150E333-8FDC-42A3-9474-1A3956D46DE8}") = "build", "build", "{89D02110-85B0-4B41-A83D-109FDEC2A40F}"
EndProject
Project("{2150E333-8FDC-42A3-9474-1A3956D46DE8}") = "infra", "infra", "{74E0BEE8-3953-4143-8568-252ED631CDB3}"
EndProject
Project("{2150E333-8FDC-42A3-9474-1A3956D46DE8}") = "db", "db", "{BCA0AFFA-D77F-4C8C-ACB4-0DDAB8B5FAC3}"
EndProject
Project("{2150E333-8FDC-42A3-9474-1A3956D46DE8}") = "api", "api", "{1AFC9AA4-3C77-4A45-9EDB-B037D4570FED}"
EndProject
Project("{FAE04EC0-301F-11D3-BF4B-00C04F79EFBC}") = "build", "build\build.csproj", "{3D3308FA-466A-4328-93C2-517B7FF1CDF5}"
EndProject
Project("{FAE04EC0-301F-11D3-BF4B-00C04F79EFBC}") = "infra", "infra\infra.csproj", "{00DFF524-C215-4E6C-A3FD-9146CA7E50FE}"
EndProject
Project("{FAE04EC0-301F-11D3-BF4B-00C04F79EFBC}") = "update", "db\update\update.csproj", "{A120F072-38EA-4B19-990F-FF905F883000}"
EndProject
Global
	GlobalSection(SolutionConfigurationPlatforms) = preSolution
		Debug|Any CPU = Debug|Any CPU
		Release|Any CPU = Release|Any CPU
	EndGlobalSection
	GlobalSection(ProjectConfigurationPlatforms) = postSolution
		{3D3308FA-466A-4328-93C2-517B7FF1CDF5}.Debug|Any CPU.ActiveCfg = Debug|Any CPU
		{3D3308FA-466A-4328-93C2-517B7FF1CDF5}.Debug|Any CPU.Build.0 = Debug|Any CPU
		{3D3308FA-466A-4328-93C2-517B7FF1CDF5}.Release|Any CPU.ActiveCfg = Release|Any CPU
		{3D3308FA-466A-4328-93C2-517B7FF1CDF5}.Release|Any CPU.Build.0 = Release|Any CPU
		{00DFF524-C215-4E6C-A3FD-9146CA7E50FE}.Debug|Any CPU.ActiveCfg = Debug|Any CPU
		{00DFF524-C215-4E6C-A3FD-9146CA7E50FE}.Debug|Any CPU.Build.0 = Debug|Any CPU
		{00DFF524-C215-4E6C-A3FD-9146CA7E50FE}.Release|Any CPU.ActiveCfg = Release|Any CPU
		{00DFF524-C215-4E6C-A3FD-9146CA7E50FE}.Release|Any CPU.Build.0 = Release|Any CPU
		{A120F072-38EA-4B19-990F-FF905F883000}.Debug|Any CPU.ActiveCfg = Debug|Any CPU
		{A120F072-38EA-4B19-990F-FF905F883000}.Debug|Any CPU.Build.0 = Debug|Any CPU
		{A120F072-38EA-4B19-990F-FF905F883000}.Release|Any CPU.ActiveCfg = Release|Any CPU
		{A120F072-38EA-4B19-990F-FF905F883000}.Release|Any CPU.Build.0 = Release|Any CPU
	EndGlobalSection
	GlobalSection(NestedProjects) = preSolution
		{3D3308FA-466A-4328-93C2-517B7FF1CDF5} = {89D02110-85B0-4B41-A83D-109FDEC2A40F}
		{00DFF524-C215-4E6C-A3FD-9146CA7E50FE} = {74E0BEE8-3953-4143-8568-252ED631CDB3}
		{A120F072-38EA-4B19-990F-FF905F883000} = {BCA0AFFA-D77F-4C8C-ACB4-0DDAB8B5FAC3}
	EndGlobalSection
EndGlobal
